{
  "requires": true,
  "lockfileVersion": 1,
  "dependencies": {
    "cordova-plugin-bluetoothle": {
      "version": "4.5.3",
      "resolved": "https://registry.npmjs.org/cordova-plugin-bluetoothle/-/cordova-plugin-bluetoothle-4.5.3.tgz",
      "integrity": "sha512-rIleG7q/Ahm8lF7wqs62YQtpQTLbqb0xAkcT2NQ0+IPp0b281LogCdW/Zxstfbt6a0AEIIptvFpyvvhF049AXQ=="
    },
    "cordova-plugin-device": {
      "version": "2.0.2",
      "resolved": "https://registry.npmjs.org/cordova-plugin-device/-/cordova-plugin-device-2.0.2.tgz",
      "integrity": "sha1-/Ajzci5n7ve2xnv8mag99q3Quro="
    },
    "cordova-plugin-dialogs": {
      "version": "2.0.1",
      "resolved": "https://registry.npmjs.org/cordova-plugin-dialogs/-/cordova-plugin-dialogs-2.0.1.tgz",
      "integrity": "sha1-N/7xUSWWyNXflUP7eHJFkPdn3PM="
    }
  }
}
